
Microsoft Visual Studio Solution File, Format Version 12.00
# Visual Studio Version 16
VisualStudioVersion = 16.0.31321.278
MinimumVisualStudioVersion = 10.0.40219.1
Project("{2150E333-8FDC-42A3-9474-1A3956D46DE8}") = "Behavioral", "Behavioral", "{5CD94193-53CA-4778-A0AC-316420C95287}"
EndProject
Project("{2150E333-8FDC-42A3-9474-1A3956D46DE8}") = "Creational", "Creational", "{5059E893-546D-4C2A-95CA-9290FA8BE064}"
EndProject
Project("{2150E333-8FDC-42A3-9474-1A3956D46DE8}") = "Structural", "Structural", "{2E3BA05E-35EE-48A5-957B-B5C584A88925}"
EndProject
Project("{9A19103F-16F7-4668-BE54-9A1E7A4F7556}") = "Iterator", "Behavioral\Iterator\Iterator.csproj", "{E2AF0157-FAC9-47E5-B0B8-8102CFFDE0A1}"
EndProject
Project("{9A19103F-16F7-4668-BE54-9A1E7A4F7556}") = "ChainOfResponsibility", "Behavioral\ChainOfResponsibility\ChainOfResponsibility.csproj", "{9436BE63-DFD8-45DF-B494-0EB04DFA287B}"
EndProject
Project("{9A19103F-16F7-4668-BE54-9A1E7A4F7556}") = "Command", "Behavioral\Command\Command.csproj", "{78BBDDDD-CC2F-4069-8619-530A89808D9F}"
EndProject
Project("{9A19103F-16F7-4668-BE54-9A1E7A4F7556}") = "Interpreter", "Behavioral\Interpreter\Interpreter.csproj", "{5735BF14-C954-4D78-BBD3-2BBC42E59F42}"
EndProject
Project("{9A19103F-16F7-4668-BE54-9A1E7A4F7556}") = "TemplateMethod", "Behavioral\TemplateMethod\TemplateMethod.csproj", "{9C2A29C3-B89B-4017-AC35-1A77B7E52FC0}"
EndProject
Project("{9A19103F-16F7-4668-BE54-9A1E7A4F7556}") = "State", "Behavioral\State\State.csproj", "{AABDDEF1-8C7D-4BAA-9300-542138A60749}"
EndProject
Project("{9A19103F-16F7-4668-BE54-9A1E7A4F7556}") = "Mediator", "Behavioral\Mediator\Mediator.csproj", "{141D9B41-BC14-48CB-A4BE-D483C9F676F4}"
EndProject
Project("{FAE04EC0-301F-11D3-BF4B-00C04F79EFBC}") = "Memento", "Behavioral\Memento\Memento.csproj", "{C2D4772A-214D-4B88-A677-F89937A6D551}"
EndProject
Project("{FAE04EC0-301F-11D3-BF4B-00C04F79EFBC}") = "Observer", "Behavioral\Observer\Observer.csproj", "{A88078BD-72BC-42B3-B834-1DC4B54F78BE}"
EndProject
Project("{FAE04EC0-301F-11D3-BF4B-00C04F79EFBC}") = "Strategy", "Behavioral\Strategy\Strategy.csproj", "{74531DF4-FF3D-437C-AE03-775F0EBBE1E4}"
EndProject
Project("{FAE04EC0-301F-11D3-BF4B-00C04F79EFBC}") = "Visitor", "Behavioral\Visitor\Visitor.csproj", "{32E13EA5-C3A3-4DC9-9F2C-B938C7632320}"
EndProject
Project("{FAE04EC0-301F-11D3-BF4B-00C04F79EFBC}") = "Singleton", "Creational\Singleton\Singleton.csproj", "{DF0DD259-1E2B-4385-922D-90E782C00106}"
EndProject
Project("{FAE04EC0-301F-11D3-BF4B-00C04F79EFBC}") = "Prototype", "Creational\Prototype\Prototype.csproj", "{50B1C1E7-3F2C-4BE6-80BE-8CFF8AE2E473}"
EndProject
Project("{FAE04EC0-301F-11D3-BF4B-00C04F79EFBC}") = "FactoryMethod", "Creational\FactoryMethod\FactoryMethod.csproj", "{240DA029-54F1-48AF-A5DE-77E3965B09CE}"
EndProject
Project("{FAE04EC0-301F-11D3-BF4B-00C04F79EFBC}") = "Builder", "Creational\Builder\Builder.csproj", "{B9403393-559D-4DF1-A074-460B346D7341}"
EndProject
Project("{FAE04EC0-301F-11D3-BF4B-00C04F79EFBC}") = "AbstractFactory", "Creational\AbstractFactory\AbstractFactory.csproj", "{AD3B5249-0746-47B6-B6F0-40ABC2D20B7F}"
EndProject
Project("{FAE04EC0-301F-11D3-BF4B-00C04F79EFBC}") = "Proxy", "Structural\Proxy\Proxy.csproj", "{1C4398F7-3CCC-4052-8CC5-B9EFB98F2878}"
EndProject
Project("{FAE04EC0-301F-11D3-BF4B-00C04F79EFBC}") = "Facade", "Structural\Facade\Facade.csproj", "{96E48DFE-804C-4EDA-BEDD-A9B756677BD0}"
EndProject
Project("{FAE04EC0-301F-11D3-BF4B-00C04F79EFBC}") = "Composite", "Structural\Composite\Composite.csproj", "{54CB1CEC-5F17-4213-B679-677DEA8B0557}"
EndProject
Project("{FAE04EC0-301F-11D3-BF4B-00C04F79EFBC}") = "Adapter", "Structural\Adapter\Adapter.csproj", "{E8C1A869-C489-40C9-AD6A-94E3A5A85990}"
EndProject
Project("{FAE04EC0-301F-11D3-BF4B-00C04F79EFBC}") = "Bridge", "Structural\Bridge\Bridge.csproj", "{47B42BBC-E7D8-4767-9B5D-8C906C06217B}"
EndProject
Project("{FAE04EC0-301F-11D3-BF4B-00C04F79EFBC}") = "Decorator", "Structural\Decorator\Decorator.csproj", "{1B82200E-254E-43C7-B668-043274422C2C}"
EndProject
Project("{FAE04EC0-301F-11D3-BF4B-00C04F79EFBC}") = "Flyweight", "Structural\Flyweight\Flyweight.csproj", "{60B1DC66-5D7D-40DD-B76D-B592DE58AE8B}"
EndProject
Global
	GlobalSection(SolutionConfigurationPlatforms) = preSolution
		Debug|Any CPU = Debug|Any CPU
		Release|Any CPU = Release|Any CPU
	EndGlobalSection
	GlobalSection(ProjectConfigurationPlatforms) = postSolution
		{E2AF0157-FAC9-47E5-B0B8-8102CFFDE0A1}.Debug|Any CPU.ActiveCfg = Debug|Any CPU
		{E2AF0157-FAC9-47E5-B0B8-8102CFFDE0A1}.Debug|Any CPU.Build.0 = Debug|Any CPU
		{E2AF0157-FAC9-47E5-B0B8-8102CFFDE0A1}.Release|Any CPU.ActiveCfg = Release|Any CPU
		{E2AF0157-FAC9-47E5-B0B8-8102CFFDE0A1}.Release|Any CPU.Build.0 = Release|Any CPU
		{9436BE63-DFD8-45DF-B494-0EB04DFA287B}.Debug|Any CPU.ActiveCfg = Debug|Any CPU
		{9436BE63-DFD8-45DF-B494-0EB04DFA287B}.Debug|Any CPU.Build.0 = Debug|Any CPU
		{9436BE63-DFD8-45DF-B494-0EB04DFA287B}.Release|Any CPU.ActiveCfg = Release|Any CPU
		{9436BE63-DFD8-45DF-B494-0EB04DFA287B}.Release|Any CPU.Build.0 = Release|Any CPU
		{78BBDDDD-CC2F-4069-8619-530A89808D9F}.Debug|Any CPU.ActiveCfg = Debug|Any CPU
		{78BBDDDD-CC2F-4069-8619-530A89808D9F}.Debug|Any CPU.Build.0 = Debug|Any CPU
		{78BBDDDD-CC2F-4069-8619-530A89808D9F}.Release|Any CPU.ActiveCfg = Release|Any CPU
		{78BBDDDD-CC2F-4069-8619-530A89808D9F}.Release|Any CPU.Build.0 = Release|Any CPU
		{5735BF14-C954-4D78-BBD3-2BBC42E59F42}.Debug|Any CPU.ActiveCfg = Debug|Any CPU
		{5735BF14-C954-4D78-BBD3-2BBC42E59F42}.Debug|Any CPU.Build.0 = Debug|Any CPU
		{5735BF14-C954-4D78-BBD3-2BBC42E59F42}.Release|Any CPU.ActiveCfg = Release|Any CPU
		{5735BF14-C954-4D78-BBD3-2BBC42E59F42}.Release|Any CPU.Build.0 = Release|Any CPU
		{9C2A29C3-B89B-4017-AC35-1A77B7E52FC0}.Debug|Any CPU.ActiveCfg = Debug|Any CPU
		{9C2A29C3-B89B-4017-AC35-1A77B7E52FC0}.Debug|Any CPU.Build.0 = Debug|Any CPU
		{9C2A29C3-B89B-4017-AC35-1A77B7E52FC0}.Release|Any CPU.ActiveCfg = Release|Any CPU
		{9C2A29C3-B89B-4017-AC35-1A77B7E52FC0}.Release|Any CPU.Build.0 = Release|Any CPU
		{AABDDEF1-8C7D-4BAA-9300-542138A60749}.Debug|Any CPU.ActiveCfg = Debug|Any CPU
		{AABDDEF1-8C7D-4BAA-9300-542138A60749}.Debug|Any CPU.Build.0 = Debug|Any CPU
		{AABDDEF1-8C7D-4BAA-9300-542138A60749}.Release|Any CPU.ActiveCfg = Release|Any CPU
		{AABDDEF1-8C7D-4BAA-9300-542138A60749}.Release|Any CPU.Build.0 = Release|Any CPU
		{141D9B41-BC14-48CB-A4BE-D483C9F676F4}.Debug|Any CPU.ActiveCfg = Debug|Any CPU
		{141D9B41-BC14-48CB-A4BE-D483C9F676F4}.Debug|Any CPU.Build.0 = Debug|Any CPU
		{141D9B41-BC14-48CB-A4BE-D483C9F676F4}.Release|Any CPU.ActiveCfg = Release|Any CPU
		{141D9B41-BC14-48CB-A4BE-D483C9F676F4}.Release|Any CPU.Build.0 = Release|Any CPU
		{C2D4772A-214D-4B88-A677-F89937A6D551}.Debug|Any CPU.ActiveCfg = Debug|Any CPU
		{C2D4772A-214D-4B88-A677-F89937A6D551}.Debug|Any CPU.Build.0 = Debug|Any CPU
		{C2D4772A-214D-4B88-A677-F89937A6D551}.Release|Any CPU.ActiveCfg = Release|Any CPU
		{C2D4772A-214D-4B88-A677-F89937A6D551}.Release|Any CPU.Build.0 = Release|Any CPU
		{A88078BD-72BC-42B3-B834-1DC4B54F78BE}.Debug|Any CPU.ActiveCfg = Debug|Any CPU
		{A88078BD-72BC-42B3-B834-1DC4B54F78BE}.Debug|Any CPU.Build.0 = Debug|Any CPU
		{A88078BD-72BC-42B3-B834-1DC4B54F78BE}.Release|Any CPU.ActiveCfg = Release|Any CPU
		{A88078BD-72BC-42B3-B834-1DC4B54F78BE}.Release|Any CPU.Build.0 = Release|Any CPU
		{74531DF4-FF3D-437C-AE03-775F0EBBE1E4}.Debug|Any CPU.ActiveCfg = Debug|Any CPU
		{74531DF4-FF3D-437C-AE03-775F0EBBE1E4}.Debug|Any CPU.Build.0 = Debug|Any CPU
		{74531DF4-FF3D-437C-AE03-775F0EBBE1E4}.Release|Any CPU.ActiveCfg = Release|Any CPU
		{74531DF4-FF3D-437C-AE03-775F0EBBE1E4}.Release|Any CPU.Build.0 = Release|Any CPU
		{32E13EA5-C3A3-4DC9-9F2C-B938C7632320}.Debug|Any CPU.ActiveCfg = Debug|Any CPU
		{32E13EA5-C3A3-4DC9-9F2C-B938C7632320}.Debug|Any CPU.Build.0 = Debug|Any CPU
		{32E13EA5-C3A3-4DC9-9F2C-B938C7632320}.Release|Any CPU.ActiveCfg = Release|Any CPU
		{32E13EA5-C3A3-4DC9-9F2C-B938C7632320}.Release|Any CPU.Build.0 = Release|Any CPU
		{DF0DD259-1E2B-4385-922D-90E782C00106}.Debug|Any CPU.ActiveCfg = Debug|Any CPU
		{DF0DD259-1E2B-4385-922D-90E782C00106}.Debug|Any CPU.Build.0 = Debug|Any CPU
		{DF0DD259-1E2B-4385-922D-90E782C00106}.Release|Any CPU.ActiveCfg = Release|Any CPU
		{DF0DD259-1E2B-4385-922D-90E782C00106}.Release|Any CPU.Build.0 = Release|Any CPU
		{50B1C1E7-3F2C-4BE6-80BE-8CFF8AE2E473}.Debug|Any CPU.ActiveCfg = Debug|Any CPU
		{50B1C1E7-3F2C-4BE6-80BE-8CFF8AE2E473}.Debug|Any CPU.Build.0 = Debug|Any CPU
		{50B1C1E7-3F2C-4BE6-80BE-8CFF8AE2E473}.Release|Any CPU.ActiveCfg = Release|Any CPU
		{50B1C1E7-3F2C-4BE6-80BE-8CFF8AE2E473}.Release|Any CPU.Build.0 = Release|Any CPU
		{240DA029-54F1-48AF-A5DE-77E3965B09CE}.Debug|Any CPU.ActiveCfg = Debug|Any CPU
		{240DA029-54F1-48AF-A5DE-77E3965B09CE}.Debug|Any CPU.Build.0 = Debug|Any CPU
		{240DA029-54F1-48AF-A5DE-77E3965B09CE}.Release|Any CPU.ActiveCfg = Release|Any CPU
		{240DA029-54F1-48AF-A5DE-77E3965B09CE}.Release|Any CPU.Build.0 = Release|Any CPU
		{B9403393-559D-4DF1-A074-460B346D7341}.Debug|Any CPU.ActiveCfg = Debug|Any CPU
		{B9403393-559D-4DF1-A074-460B346D7341}.Debug|Any CPU.Build.0 = Debug|Any CPU
		{B9403393-559D-4DF1-A074-460B346D7341}.Release|Any CPU.ActiveCfg = Release|Any CPU
		{B9403393-559D-4DF1-A074-460B346D7341}.Release|Any CPU.Build.0 = Release|Any CPU
		{AD3B5249-0746-47B6-B6F0-40ABC2D20B7F}.Debug|Any CPU.ActiveCfg = Debug|Any CPU
		{AD3B5249-0746-47B6-B6F0-40ABC2D20B7F}.Debug|Any CPU.Build.0 = Debug|Any CPU
		{AD3B5249-0746-47B6-B6F0-40ABC2D20B7F}.Release|Any CPU.ActiveCfg = Release|Any CPU
		{AD3B5249-0746-47B6-B6F0-40ABC2D20B7F}.Release|Any CPU.Build.0 = Release|Any CPU
		{1C4398F7-3CCC-4052-8CC5-B9EFB98F2878}.Debug|Any CPU.ActiveCfg = Debug|Any CPU
		{1C4398F7-3CCC-4052-8CC5-B9EFB98F2878}.Debug|Any CPU.Build.0 = Debug|Any CPU
		{1C4398F7-3CCC-4052-8CC5-B9EFB98F2878}.Release|Any CPU.ActiveCfg = Release|Any CPU
		{1C4398F7-3CCC-4052-8CC5-B9EFB98F2878}.Release|Any CPU.Build.0 = Release|Any CPU
		{96E48DFE-804C-4EDA-BEDD-A9B756677BD0}.Debug|Any CPU.ActiveCfg = Debug|Any CPU
		{96E48DFE-804C-4EDA-BEDD-A9B756677BD0}.Debug|Any CPU.Build.0 = Debug|Any CPU
		{96E48DFE-804C-4EDA-BEDD-A9B756677BD0}.Release|Any CPU.ActiveCfg = Release|Any CPU
		{96E48DFE-804C-4EDA-BEDD-A9B756677BD0}.Release|Any CPU.Build.0 = Release|Any CPU
		{54CB1CEC-5F17-4213-B679-677DEA8B0557}.Debug|Any CPU.ActiveCfg = Debug|Any CPU
		{54CB1CEC-5F17-4213-B679-677DEA8B0557}.Debug|Any CPU.Build.0 = Debug|Any CPU
		{54CB1CEC-5F17-4213-B679-677DEA8B0557}.Release|Any CPU.ActiveCfg = Release|Any CPU
		{54CB1CEC-5F17-4213-B679-677DEA8B0557}.Release|Any CPU.Build.0 = Release|Any CPU
		{E8C1A869-C489-40C9-AD6A-94E3A5A85990}.Debug|Any CPU.ActiveCfg = Debug|Any CPU
		{E8C1A869-C489-40C9-AD6A-94E3A5A85990}.Debug|Any CPU.Build.0 = Debug|Any CPU
		{E8C1A869-C489-40C9-AD6A-94E3A5A85990}.Release|Any CPU.ActiveCfg = Release|Any CPU
		{E8C1A869-C489-40C9-AD6A-94E3A5A85990}.Release|Any CPU.Build.0 = Release|Any CPU
		{47B42BBC-E7D8-4767-9B5D-8C906C06217B}.Debug|Any CPU.ActiveCfg = Debug|Any CPU
		{47B42BBC-E7D8-4767-9B5D-8C906C06217B}.Debug|Any CPU.Build.0 = Debug|Any CPU
		{47B42BBC-E7D8-4767-9B5D-8C906C06217B}.Release|Any CPU.ActiveCfg = Release|Any CPU
		{47B42BBC-E7D8-4767-9B5D-8C906C06217B}.Release|Any CPU.Build.0 = Release|Any CPU
		{1B82200E-254E-43C7-B668-043274422C2C}.Debug|Any CPU.ActiveCfg = Debug|Any CPU
		{1B82200E-254E-43C7-B668-043274422C2C}.Debug|Any CPU.Build.0 = Debug|Any CPU
		{1B82200E-254E-43C7-B668-043274422C2C}.Release|Any CPU.ActiveCfg = Release|Any CPU
		{1B82200E-254E-43C7-B668-043274422C2C}.Release|Any CPU.Build.0 = Release|Any CPU
		{60B1DC66-5D7D-40DD-B76D-B592DE58AE8B}.Debug|Any CPU.ActiveCfg = Debug|Any CPU
		{60B1DC66-5D7D-40DD-B76D-B592DE58AE8B}.Debug|Any CPU.Build.0 = Debug|Any CPU
		{60B1DC66-5D7D-40DD-B76D-B592DE58AE8B}.Release|Any CPU.ActiveCfg = Release|Any CPU
		{60B1DC66-5D7D-40DD-B76D-B592DE58AE8B}.Release|Any CPU.Build.0 = Release|Any CPU
	EndGlobalSection
	GlobalSection(SolutionProperties) = preSolution
		HideSolutionNode = FALSE
	EndGlobalSection
	GlobalSection(NestedProjects) = preSolution
		{E2AF0157-FAC9-47E5-B0B8-8102CFFDE0A1} = {5CD94193-53CA-4778-A0AC-316420C95287}
		{9436BE63-DFD8-45DF-B494-0EB04DFA287B} = {5CD94193-53CA-4778-A0AC-316420C95287}
		{78BBDDDD-CC2F-4069-8619-530A89808D9F} = {5CD94193-53CA-4778-A0AC-316420C95287}
		{5735BF14-C954-4D78-BBD3-2BBC42E59F42} = {5CD94193-53CA-4778-A0AC-316420C95287}
		{9C2A29C3-B89B-4017-AC35-1A77B7E52FC0} = {5CD94193-53CA-4778-A0AC-316420C95287}
		{AABDDEF1-8C7D-4BAA-9300-542138A60749} = {5CD94193-53CA-4778-A0AC-316420C95287}
		{141D9B41-BC14-48CB-A4BE-D483C9F676F4} = {5CD94193-53CA-4778-A0AC-316420C95287}
		{C2D4772A-214D-4B88-A677-F89937A6D551} = {5CD94193-53CA-4778-A0AC-316420C95287}
		{A88078BD-72BC-42B3-B834-1DC4B54F78BE} = {5CD94193-53CA-4778-A0AC-316420C95287}
		{74531DF4-FF3D-437C-AE03-775F0EBBE1E4} = {5CD94193-53CA-4778-A0AC-316420C95287}
		{32E13EA5-C3A3-4DC9-9F2C-B938C7632320} = {5CD94193-53CA-4778-A0AC-316420C95287}
		{DF0DD259-1E2B-4385-922D-90E782C00106} = {5059E893-546D-4C2A-95CA-9290FA8BE064}
		{50B1C1E7-3F2C-4BE6-80BE-8CFF8AE2E473} = {5059E893-546D-4C2A-95CA-9290FA8BE064}
		{240DA029-54F1-48AF-A5DE-77E3965B09CE} = {5059E893-546D-4C2A-95CA-9290FA8BE064}
		{B9403393-559D-4DF1-A074-460B346D7341} = {5059E893-546D-4C2A-95CA-9290FA8BE064}
		{AD3B5249-0746-47B6-B6F0-40ABC2D20B7F} = {5059E893-546D-4C2A-95CA-9290FA8BE064}
		{1C4398F7-3CCC-4052-8CC5-B9EFB98F2878} = {2E3BA05E-35EE-48A5-957B-B5C584A88925}
		{96E48DFE-804C-4EDA-BEDD-A9B756677BD0} = {2E3BA05E-35EE-48A5-957B-B5C584A88925}
		{54CB1CEC-5F17-4213-B679-677DEA8B0557} = {2E3BA05E-35EE-48A5-957B-B5C584A88925}
		{E8C1A869-C489-40C9-AD6A-94E3A5A85990} = {2E3BA05E-35EE-48A5-957B-B5C584A88925}
		{47B42BBC-E7D8-4767-9B5D-8C906C06217B} = {2E3BA05E-35EE-48A5-957B-B5C584A88925}
		{1B82200E-254E-43C7-B668-043274422C2C} = {2E3BA05E-35EE-48A5-957B-B5C584A88925}
		{60B1DC66-5D7D-40DD-B76D-B592DE58AE8B} = {2E3BA05E-35EE-48A5-957B-B5C584A88925}
	EndGlobalSection
	GlobalSection(ExtensibilityGlobals) = postSolution
		SolutionGuid = {7A564543-B6AA-4CF1-940C-AF2C1DEFAF1A}
	EndGlobalSection
EndGlobal
